
Microsoft Visual Studio Solution File, Format Version 12.00
# Visual Studio Version 16
VisualStudioVersion = 16.0.32929.386
MinimumVisualStudioVersion = 10.0.40219.1
Project("{13B669BE-BB05-4DDF-9536-439F39A36129}") = "mirror", "mirror.msbuildproj", "{C567960F-06B0-448E-8250-42727B57C82E}"
EndProject
Global
	GlobalSection(SolutionConfigurationPlatforms) = preSolution
		Debug|Any CPU = Debug|Any CPU
		Release|Any CPU = Release|Any CPU
	EndGlobalSection
	GlobalSection(ProjectConfigurationPlatforms) = postSolution
		{C567960F-06B0-448E-8250-42727B57C82E}.Debug|Any CPU.ActiveCfg = Debug|Any CPU
		{C567960F-06B0-448E-8250-42727B57C82E}.Debug|Any CPU.Build.0 = Debug|Any CPU
		{C567960F-06B0-448E-8250-42727B57C82E}.Release|Any CPU.ActiveCfg = Release|Any CPU
		{C567960F-06B0-448E-8250-42727B57C82E}.Release|Any CPU.Build.0 = Release|Any CPU
	EndGlobalSection
	GlobalSection(SolutionProperties) = preSolution
		HideSolutionNode = FALSE
	EndGlobalSection
	GlobalSection(ExtensibilityGlobals) = postSolution
		SolutionGuid = {8B97B3D1-81D2-4835-A988-DAF038768644}
	EndGlobalSection
EndGlobal
